<?xml version="1.0" encoding="UTF-8" standalone="yes" ?>
<CodeBlocks_project_file>
	<FileVersion major="1" minor="6" />
	<Project>
		<Option title="http_proxy" />
		<Option pch_mode="2" />
		<Option compiler="cygwin" />
		<Build>
			<Target title="Debug">
				<Option output="bin/Debug/http_proxy" prefix_auto="1" extension_auto="1" />
				<Option object_output="obj/Debug/" />
				<Option type="1" />
				<Option compiler="cygwin" />
				<Compiler>
					<Add option="-std=c++0x" />
					<Add option="-g" />
					<Add option="-D_DEBUG" />
				</Compiler>
				<Linker>
					<Add library="pthread" />
				</Linker>
			</Target>
			<Target title="Release">
				<Option output="bin/Release/http_proxy" prefix_auto="1" extension_auto="1" />
				<Option object_output="obj/Release/" />
				<Option type="1" />
				<Option compiler="cygwin" />
				<Compiler>
					<Add option="-O2" />
					<Add option="-std=c++0x" />
					<Add option="-DNDEBUG" />
				</Compiler>
				<Linker>
					<Add library="pthread" />
				</Linker>
			</Target>
		</Build>
		<Compiler>
			<Add option="-Wall" />
			<Add option="-fexceptions" />
		</Compiler>
		<Unit filename="http-common.cpp" />
		<Unit filename="http-common.h" />
		<Unit filename="http-filter.cpp" />
		<Unit filename="http-filter.h" />
		<Unit filename="http-headers.cpp" />
		<Unit filename="http-headers.h" />
		<Unit filename="http-proxy.cpp" />
		<Unit filename="http-proxy.h" />
		<Unit filename="http-request.cpp" />
		<Unit filename="http-request.h" />
		<Unit filename="http-response.cpp" />
		<Unit filename="http-response.h" />
		<Unit filename="http-statistics.cpp" />
		<Unit filename="http-statistics.h" />
		<Extensions>
			<code_completion />
			<envvars />
			<debugger />
			<lib_finder disable_auto="1" />
		</Extensions>
	</Project>
</CodeBlocks_project_file>
